
Microsoft Visual Studio Solution File, Format Version 12.00
# Visual Studio 2012
Project("{FAE04EC0-301F-11D3-BF4B-00C04F79EFBC}") = "NuFridge.Website", "NuFridge.Website\NuFridge.Website.csproj", "{1C2DCBF2-6A22-4979-AAEF-94FF8A1E98FD}"
EndProject
Project("{FAE04EC0-301F-11D3-BF4B-00C04F79EFBC}") = "NuFridge.WindowsService", "NuFridge.WindowsService\NuFridge.WindowsService.csproj", "{DB43B4BB-C5DF-4BE5-9943-606A89A02095}"
EndProject
Project("{FAE04EC0-301F-11D3-BF4B-00C04F79EFBC}") = "NuFridge.DataAccess", "NuFridge.DataAccess\NuFridge.DataAccess.csproj", "{81DA5570-9DD9-4281-8D94-CA5EDDE46144}"
EndProject
Project("{FAE04EC0-301F-11D3-BF4B-00C04F79EFBC}") = "NuFridge.Common", "NuFridge.Common\NuFridge.Common.csproj", "{EDF3AE48-9747-45AD-8AB5-5D83F0822701}"
EndProject
Project("{FAE04EC0-301F-11D3-BF4B-00C04F79EFBC}") = "NuFridge.Tests", "NuFridge.Tests\NuFridge.Tests.csproj", "{C38F4542-1A22-4682-874C-BA592BD3A911}"
EndProject
Project("{FAE04EC0-301F-11D3-BF4B-00C04F79EFBC}") = "NuFridge.Website.MVC", "NuFridge.Website.MVC\NuFridge.Website.MVC.csproj", "{701F44F8-E838-4EA0-9581-0F9C96E823A8}"
EndProject
Project("{FAE04EC0-301F-11D3-BF4B-00C04F79EFBC}") = "NuFridge.Website.MVC.Tests", "NuFridge.Website.MVC.Tests\NuFridge.Website.MVC.Tests.csproj", "{05B65F33-2FF7-4E9A-A3D4-B78483ECF9F4}"
EndProject
Project("{2150E333-8FDC-42A3-9474-1A3956D46DE8}") = ".nuget", ".nuget", "{886993BE-DE0D-42BE-A37D-4D19875DE235}"
	ProjectSection(SolutionItems) = preProject
		.nuget\packages.config = .nuget\packages.config
	EndProjectSection
EndProject
Global
	GlobalSection(SolutionConfigurationPlatforms) = preSolution
		Debug|Any CPU = Debug|Any CPU
		Release|Any CPU = Release|Any CPU
	EndGlobalSection
	GlobalSection(ProjectConfigurationPlatforms) = postSolution
		{1C2DCBF2-6A22-4979-AAEF-94FF8A1E98FD}.Debug|Any CPU.ActiveCfg = Debug|Any CPU
		{1C2DCBF2-6A22-4979-AAEF-94FF8A1E98FD}.Debug|Any CPU.Build.0 = Debug|Any CPU
		{1C2DCBF2-6A22-4979-AAEF-94FF8A1E98FD}.Release|Any CPU.ActiveCfg = Release|Any CPU
		{1C2DCBF2-6A22-4979-AAEF-94FF8A1E98FD}.Release|Any CPU.Build.0 = Release|Any CPU
		{DB43B4BB-C5DF-4BE5-9943-606A89A02095}.Debug|Any CPU.ActiveCfg = Debug|Any CPU
		{DB43B4BB-C5DF-4BE5-9943-606A89A02095}.Debug|Any CPU.Build.0 = Debug|Any CPU
		{DB43B4BB-C5DF-4BE5-9943-606A89A02095}.Release|Any CPU.ActiveCfg = Release|Any CPU
		{DB43B4BB-C5DF-4BE5-9943-606A89A02095}.Release|Any CPU.Build.0 = Release|Any CPU
		{81DA5570-9DD9-4281-8D94-CA5EDDE46144}.Debug|Any CPU.ActiveCfg = Debug|Any CPU
		{81DA5570-9DD9-4281-8D94-CA5EDDE46144}.Debug|Any CPU.Build.0 = Debug|Any CPU
		{81DA5570-9DD9-4281-8D94-CA5EDDE46144}.Release|Any CPU.ActiveCfg = Release|Any CPU
		{81DA5570-9DD9-4281-8D94-CA5EDDE46144}.Release|Any CPU.Build.0 = Release|Any CPU
		{EDF3AE48-9747-45AD-8AB5-5D83F0822701}.Debug|Any CPU.ActiveCfg = Debug|Any CPU
		{EDF3AE48-9747-45AD-8AB5-5D83F0822701}.Debug|Any CPU.Build.0 = Debug|Any CPU
		{EDF3AE48-9747-45AD-8AB5-5D83F0822701}.Release|Any CPU.ActiveCfg = Release|Any CPU
		{EDF3AE48-9747-45AD-8AB5-5D83F0822701}.Release|Any CPU.Build.0 = Release|Any CPU
		{C38F4542-1A22-4682-874C-BA592BD3A911}.Debug|Any CPU.ActiveCfg = Debug|Any CPU
		{C38F4542-1A22-4682-874C-BA592BD3A911}.Debug|Any CPU.Build.0 = Debug|Any CPU
		{C38F4542-1A22-4682-874C-BA592BD3A911}.Release|Any CPU.ActiveCfg = Release|Any CPU
		{C38F4542-1A22-4682-874C-BA592BD3A911}.Release|Any CPU.Build.0 = Release|Any CPU
		{701F44F8-E838-4EA0-9581-0F9C96E823A8}.Debug|Any CPU.ActiveCfg = Debug|Any CPU
		{701F44F8-E838-4EA0-9581-0F9C96E823A8}.Debug|Any CPU.Build.0 = Debug|Any CPU
		{701F44F8-E838-4EA0-9581-0F9C96E823A8}.Release|Any CPU.ActiveCfg = Release|Any CPU
		{701F44F8-E838-4EA0-9581-0F9C96E823A8}.Release|Any CPU.Build.0 = Release|Any CPU
		{05B65F33-2FF7-4E9A-A3D4-B78483ECF9F4}.Debug|Any CPU.ActiveCfg = Debug|Any CPU
		{05B65F33-2FF7-4E9A-A3D4-B78483ECF9F4}.Debug|Any CPU.Build.0 = Debug|Any CPU
		{05B65F33-2FF7-4E9A-A3D4-B78483ECF9F4}.Release|Any CPU.ActiveCfg = Release|Any CPU
		{05B65F33-2FF7-4E9A-A3D4-B78483ECF9F4}.Release|Any CPU.Build.0 = Release|Any CPU
	EndGlobalSection
	GlobalSection(SolutionProperties) = preSolution
		HideSolutionNode = FALSE
	EndGlobalSection
EndGlobal
